// !$*UTF8*$!
{
	archiveVersion = 1;
	classes = {
	};
	objectVersion = 56;
	objects = {

/* Begin PBXBuildFile section */
		10CC79372CCABCDB00AC521E /* AppDelegate.swift in Sources */ = {isa = PBXBuildFile; fileRef = 10CC79362CCABCDB00AC521E /* AppDelegate.swift */; };
		10CC79392CCABCDB00AC521E /* SceneDelegate.swift in Sources */ = {isa = PBXBuildFile; fileRef = 10CC79382CCABCDB00AC521E /* SceneDelegate.swift */; };
		10CC793B2CCABCDB00AC521E /* ViewController.swift in Sources */ = {isa = PBXBuildFile; fileRef = 10CC793A2CCABCDB00AC521E /* ViewController.swift */; };
		10CC793E2CCABCDB00AC521E /* Main.storyboard in Resources */ = {isa = PBXBuildFile; fileRef = 10CC793C2CCABCDB00AC521E /* Main.storyboard */; };
		10CC79402CCABCDC00AC521E /* Assets.xcassets in Resources */ = {isa = PBXBuildFile; fileRef = 10CC793F2CCABCDC00AC521E /* Assets.xcassets */; };
		10CC79432CCABCDC00AC521E /* LaunchScreen.storyboard in Resources */ = {isa = PBXBuildFile; fileRef = 10CC79412CCABCDC00AC521E /* LaunchScreen.storyboard */; };
		10CC794E2CCABCDD00AC521E /* SaveMyDefaultsPersistanceTests.swift in Sources */ = {isa = PBXBuildFile; fileRef = 10CC794D2CCABCDD00AC521E /* SaveMyDefaultsPersistanceTests.swift */; };
		10CC79582CCABCDD00AC521E /* SaveMyDefaultsPersistanceUITests.swift in Sources */ = {isa = PBXBuildFile; fileRef = 10CC79572CCABCDD00AC521E /* SaveMyDefaultsPersistanceUITests.swift */; };
		10CC795A2CCABCDD00AC521E /* SaveMyDefaultsPersistanceUITestsLaunchTests.swift in Sources */ = {isa = PBXBuildFile; fileRef = 10CC79592CCABCDD00AC521E /* SaveMyDefaultsPersistanceUITestsLaunchTests.swift */; };
/* End PBXBuildFile section */

/* Begin PBXContainerItemProxy section */
		10CC794A2CCABCDD00AC521E /* PBXContainerItemProxy */ = {
			isa = PBXContainerItemProxy;
			containerPortal = 10CC792B2CCABCDB00AC521E /* Project object */;
			proxyType = 1;
			remoteGlobalIDString = 10CC79322CCABCDB00AC521E;
			remoteInfo = SaveMyDefaultsPersistance;
		};
		10CC79542CCABCDD00AC521E /* PBXContainerItemProxy */ = {
			isa = PBXContainerItemProxy;
			containerPortal = 10CC792B2CCABCDB00AC521E /* Project object */;
			proxyType = 1;
			remoteGlobalIDString = 10CC79322CCABCDB00AC521E;
			remoteInfo = SaveMyDefaultsPersistance;
		};
/* End PBXContainerItemProxy section */

/* Begin PBXFileReference section */
		10CC79332CCABCDB00AC521E /* SaveMyDefaultsPersistance.app */ = {isa = PBXFileReference; explicitFileType = wrapper.application; includeInIndex = 0; path = SaveMyDefaultsPersistance.app; sourceTree = BUILT_PRODUCTS_DIR; };
		10CC79362CCABCDB00AC521E /* AppDelegate.swift */ = {isa = PBXFileReference; lastKnownFileType = sourcecode.swift; path = AppDelegate.swift; sourceTree = "<group>"; };
		10CC79382CCABCDB00AC521E /* SceneDelegate.swift */ = {isa = PBXFileReference; lastKnownFileType = sourcecode.swift; path = SceneDelegate.swift; sourceTree = "<group>"; };
		10CC793A2CCABCDB00AC521E /* ViewController.swift */ = {isa = PBXFileReference; lastKnownFileType = sourcecode.swift; path = ViewController.swift; sourceTree = "<group>"; };
		10CC793D2CCABCDB00AC521E /* Base */ = {isa = PBXFileReference; lastKnownFileType = file.storyboard; name = Base; path = Base.lproj/Main.storyboard; sourceTree = "<group>"; };
		10CC793F2CCABCDC00AC521E /* Assets.xcassets */ = {isa = PBXFileReference; lastKnownFileType = folder.assetcatalog; path = Assets.xcassets; sourceTree = "<group>"; };
		10CC79422CCABCDC00AC521E /* Base */ = {isa = PBXFileReference; lastKnownFileType = file.storyboard; name = Base; path = Base.lproj/LaunchScreen.storyboard; sourceTree = "<group>"; };
		10CC79442CCABCDC00AC521E /* Info.plist */ = {isa = PBXFileReference; lastKnownFileType = text.plist.xml; path = Info.plist; sourceTree = "<group>"; };
		10CC79492CCABCDD00AC521E /* SaveMyDefaultsPersistanceTests.xctest */ = {isa = PBXFileReference; explicitFileType = wrapper.cfbundle; includeInIndex = 0; path = SaveMyDefaultsPersistanceTests.xctest; sourceTree = BUILT_PRODUCTS_DIR; };
		10CC794D2CCABCDD00AC521E /* SaveMyDefaultsPersistanceTests.swift */ = {isa = PBXFileReference; lastKnownFileType = sourcecode.swift; path = SaveMyDefaultsPersistanceTests.swift; sourceTree = "<group>"; };
		10CC79532CCABCDD00AC521E /* SaveMyDefaultsPersistanceUITests.xctest */ = {isa = PBXFileReference; explicitFileType = wrapper.cfbundle; includeInIndex = 0; path = SaveMyDefaultsPersistanceUITests.xctest; sourceTree = BUILT_PRODUCTS_DIR; };
		10CC79572CCABCDD00AC521E /* SaveMyDefaultsPersistanceUITests.swift */ = {isa = PBXFileReference; lastKnownFileType = sourcecode.swift; path = SaveMyDefaultsPersistanceUITests.swift; sourceTree = "<group>"; };
		10CC79592CCABCDD00AC521E /* SaveMyDefaultsPersistanceUITestsLaunchTests.swift */ = {isa = PBXFileReference; lastKnownFileType = sourcecode.swift; path = SaveMyDefaultsPersistanceUITestsLaunchTests.swift; sourceTree = "<group>"; };
/* End PBXFileReference section */

/* Begin PBXFrameworksBuildPhase section */
		10CC79302CCABCDB00AC521E /* Frameworks */ = {
			isa = PBXFrameworksBuildPhase;
			buildActionMask = 2147483647;
			files = (
			);
			runOnlyForDeploymentPostprocessing = 0;
		};
		10CC79462CCABCDD00AC521E /* Frameworks */ = {
			isa = PBXFrameworksBuildPhase;
			buildActionMask = 2147483647;
			files = (
			);
			runOnlyForDeploymentPostprocessing = 0;
		};
		10CC79502CCABCDD00AC521E /* Frameworks */ = {
			isa = PBXFrameworksBuildPhase;
			buildActionMask = 2147483647;
			files = (
			);
			runOnlyForDeploymentPostprocessing = 0;
		};
/* End PBXFrameworksBuildPhase section */

/* Begin PBXGroup section */
		10CC792A2CCABCDB00AC521E = {
			isa = PBXGroup;
			children = (
				10CC79352CCABCDB00AC521E /* SaveMyDefaultsPersistance */,
				10CC794C2CCABCDD00AC521E /* SaveMyDefaultsPersistanceTests */,
				10CC79562CCABCDD00AC521E /* SaveMyDefaultsPersistanceUITests */,
				10CC79342CCABCDB00AC521E /* Products */,
			);
			sourceTree = "<group>";
		};
		10CC79342CCABCDB00AC521E /* Products */ = {
			isa = PBXGroup;
			children = (
				10CC79332CCABCDB00AC521E /* SaveMyDefaultsPersistance.app */,
				10CC79492CCABCDD00AC521E /* SaveMyDefaultsPersistanceTests.xctest */,
				10CC79532CCABCDD00AC521E /* SaveMyDefaultsPersistanceUITests.xctest */,
			);
			name = Products;
			sourceTree = "<group>";
		};
		10CC79352CCABCDB00AC521E /* SaveMyDefaultsPersistance */ = {
			isa = PBXGroup;
			children = (
				10CC79362CCABCDB00AC521E /* AppDelegate.swift */,
				10CC79382CCABCDB00AC521E /* SceneDelegate.swift */,
				10CC793A2CCABCDB00AC521E /* ViewController.swift */,
				10CC793C2CCABCDB00AC521E /* Main.storyboard */,
				10CC793F2CCABCDC00AC521E /* Assets.xcassets */,
				10CC79412CCABCDC00AC521E /* LaunchScreen.storyboard */,
				10CC79442CCABCDC00AC521E /* Info.plist */,
			);
			path = SaveMyDefaultsPersistance;
			sourceTree = "<group>";
		};
		10CC794C2CCABCDD00AC521E /* SaveMyDefaultsPersistanceTests */ = {
			isa = PBXGroup;
			children = (
				10CC794D2CCABCDD00AC521E /* SaveMyDefaultsPersistanceTests.swift */,
			);
			path = SaveMyDefaultsPersistanceTests;
			sourceTree = "<group>";
		};
		10CC79562CCABCDD00AC521E /* SaveMyDefaultsPersistanceUITests */ = {
			isa = PBXGroup;
			children = (
				10CC79572CCABCDD00AC521E /* SaveMyDefaultsPersistanceUITests.swift */,
				10CC79592CCABCDD00AC521E /* SaveMyDefaultsPersistanceUITestsLaunchTests.swift */,
			);
			path = SaveMyDefaultsPersistanceUITests;
			sourceTree = "<group>";
		};
/* End PBXGroup section */

/* Begin PBXNativeTarget section */
		10CC79322CCABCDB00AC521E /* SaveMyDefaultsPersistance */ = {
			isa = PBXNativeTarget;
			buildConfigurationList = 10CC795D2CCABCDD00AC521E /* Build configuration list for PBXNativeTarget "SaveMyDefaultsPersistance" */;
			buildPhases = (
				10CC792F2CCABCDB00AC521E /* Sources */,
				10CC79302CCABCDB00AC521E /* Frameworks */,
				10CC79312CCABCDB00AC521E /* Resources */,
			);
			buildRules = (
			);
			dependencies = (
			);
			name = SaveMyDefaultsPersistance;
			productName = SaveMyDefaultsPersistance;
			productReference = 10CC79332CCABCDB00AC521E /* SaveMyDefaultsPersistance.app */;
			productType = "com.apple.product-type.application";
		};
		10CC79482CCABCDD00AC521E /* SaveMyDefaultsPersistanceTests */ = {
			isa = PBXNativeTarget;
			buildConfigurationList = 10CC79602CCABCDD00AC521E /* Build configuration list for PBXNativeTarget "SaveMyDefaultsPersistanceTests" */;
			buildPhases = (
				10CC79452CCABCDD00AC521E /* Sources */,
				10CC79462CCABCDD00AC521E /* Frameworks */,
				10CC79472CCABCDD00AC521E /* Resources */,
			);
			buildRules = (
			);
			dependencies = (
				10CC794B2CCABCDD00AC521E /* PBXTargetDependency */,
			);
			name = SaveMyDefaultsPersistanceTests;
			productName = SaveMyDefaultsPersistanceTests;
			productReference = 10CC79492CCABCDD00AC521E /* SaveMyDefaultsPersistanceTests.xctest */;
			productType = "com.apple.product-type.bundle.unit-test";
		};
		10CC79522CCABCDD00AC521E /* SaveMyDefaultsPersistanceUITests */ = {
			isa = PBXNativeTarget;
			buildConfigurationList = 10CC79632CCABCDD00AC521E /* Build configuration list for PBXNativeTarget "SaveMyDefaultsPersistanceUITests" */;
			buildPhases = (
				10CC794F2CCABCDD00AC521E /* Sources */,
				10CC79502CCABCDD00AC521E /* Frameworks */,
				10CC79512CCABCDD00AC521E /* Resources */,
			);
			buildRules = (
			);
			dependencies = (
				10CC79552CCABCDD00AC521E /* PBXTargetDependency */,
			);
			name = SaveMyDefaultsPersistanceUITests;
			productName = SaveMyDefaultsPersistanceUITests;
			productReference = 10CC79532CCABCDD00AC521E /* SaveMyDefaultsPersistanceUITests.xctest */;
			productType = "com.apple.product-type.bundle.ui-testing";
		};
/* End PBXNativeTarget section */

/* Begin PBXProject section */
		10CC792B2CCABCDB00AC521E /* Project object */ = {
			isa = PBXProject;
			attributes = {
				BuildIndependentTargetsInParallel = 1;
				LastSwiftUpdateCheck = 1500;
				LastUpgradeCheck = 1500;
				TargetAttributes = {
					10CC79322CCABCDB00AC521E = {
						CreatedOnToolsVersion = 15.0;
					};
					10CC79482CCABCDD00AC521E = {
						CreatedOnToolsVersion = 15.0;
						TestTargetID = 10CC79322CCABCDB00AC521E;
					};
					10CC79522CCABCDD00AC521E = {
						CreatedOnToolsVersion = 15.0;
						TestTargetID = 10CC79322CCABCDB00AC521E;
					};
				};
			};
			buildConfigurationList = 10CC792E2CCABCDB00AC521E /* Build configuration list for PBXProject "SaveMyDefaultsPersistance" */;
			compatibilityVersion = "Xcode 14.0";
			developmentRegion = en;
			hasScannedForEncodings = 0;
			knownRegions = (
				en,
				Base,
			);
			mainGroup = 10CC792A2CCABCDB00AC521E;
			productRefGroup = 10CC79342CCABCDB00AC521E /* Products */;
			projectDirPath = "";
			projectRoot = "";
			targets = (
				10CC79322CCABCDB00AC521E /* SaveMyDefaultsPersistance */,
				10CC79482CCABCDD00AC521E /* SaveMyDefaultsPersistanceTests */,
				10CC79522CCABCDD00AC521E /* SaveMyDefaultsPersistanceUITests */,
			);
		};
/* End PBXProject section */

/* Begin PBXResourcesBuildPhase section */
		10CC79312CCABCDB00AC521E /* Resources */ = {
			isa = PBXResourcesBuildPhase;
			buildActionMask = 2147483647;
			files = (
				10CC79432CCABCDC00AC521E /* LaunchScreen.storyboard in Resources */,
				10CC79402CCABCDC00AC521E /* Assets.xcassets in Resources */,
				10CC793E2CCABCDB00AC521E /* Main.storyboard in Resources */,
			);
			runOnlyForDeploymentPostprocessing = 0;
		};
		10CC79472CCABCDD00AC521E /* Resources */ = {
			isa = PBXResourcesBuildPhase;
			buildActionMask = 2147483647;
			files = (
			);
			runOnlyForDeploymentPostprocessing = 0;
		};
		10CC79512CCABCDD00AC521E /* Resources */ = {
			isa = PBXResourcesBuildPhase;
			buildActionMask = 2147483647;
			files = (
			);
			runOnlyForDeploymentPostprocessing = 0;
		};
/* End PBXResourcesBuildPhase section */

/* Begin PBXSourcesBuildPhase section */
		10CC792F2CCABCDB00AC521E /* Sources */ = {
			isa = PBXSourcesBuildPhase;
			buildActionMask = 2147483647;
			files = (
				10CC793B2CCABCDB00AC521E /* ViewController.swift in Sources */,
				10CC79372CCABCDB00AC521E /* AppDelegate.swift in Sources */,
				10CC79392CCABCDB00AC521E /* SceneDelegate.swift in Sources */,
			);
			runOnlyForDeploymentPostprocessing = 0;
		};
		10CC79452CCABCDD00AC521E /* Sources */ = {
			isa = PBXSourcesBuildPhase;
			buildActionMask = 2147483647;
			files = (
				10CC794E2CCABCDD00AC521E /* SaveMyDefaultsPersistanceTests.swift in Sources */,
			);
			runOnlyForDeploymentPostprocessing = 0;
		};
		10CC794F2CCABCDD00AC521E /* Sources */ = {
			isa = PBXSourcesBuildPhase;
			buildActionMask = 2147483647;
			files = (
				10CC79582CCABCDD00AC521E /* SaveMyDefaultsPersistanceUITests.swift in Sources */,
				10CC795A2CCABCDD00AC521E /* SaveMyDefaultsPersistanceUITestsLaunchTests.swift in Sources */,
			);
			runOnlyForDeploymentPostprocessing = 0;
		};
/* End PBXSourcesBuildPhase section */

/* Begin PBXTargetDependency section */
		10CC794B2CCABCDD00AC521E /* PBXTargetDependency */ = {
			isa = PBXTargetDependency;
			target = 10CC79322CCABCDB00AC521E /* SaveMyDefaultsPersistance */;
			targetProxy = 10CC794A2CCABCDD00AC521E /* PBXContainerItemProxy */;
		};
		10CC79552CCABCDD00AC521E /* PBXTargetDependency */ = {
			isa = PBXTargetDependency;
			target = 10CC79322CCABCDB00AC521E /* SaveMyDefaultsPersistance */;
			targetProxy = 10CC79542CCABCDD00AC521E /* PBXContainerItemProxy */;
		};
/* End PBXTargetDependency section */

/* Begin PBXVariantGroup section */
		10CC793C2CCABCDB00AC521E /* Main.storyboard */ = {
			isa = PBXVariantGroup;
			children = (
				10CC793D2CCABCDB00AC521E /* Base */,
			);
			name = Main.storyboard;
			sourceTree = "<group>";
		};
		10CC79412CCABCDC00AC521E /* LaunchScreen.storyboard */ = {
			isa = PBXVariantGroup;
			children = (
				10CC79422CCABCDC00AC521E /* Base */,
			);
			name = LaunchScreen.storyboard;
			sourceTree = "<group>";
		};
/* End PBXVariantGroup section */

/* Begin XCBuildConfiguration section */
		10CC795B2CCABCDD00AC521E /* Debug */ = {
			isa = XCBuildConfiguration;
			buildSettings = {
				ALWAYS_SEARCH_USER_PATHS = NO;
				ASSETCATALOG_COMPILER_GENERATE_SWIFT_ASSET_SYMBOL_EXTENSIONS = YES;
				CLANG_ANALYZER_NONNULL = YES;
				CLANG_ANALYZER_NUMBER_OBJECT_CONVERSION = YES_AGGRESSIVE;
				CLANG_CXX_LANGUAGE_STANDARD = "gnu++20";
				CLANG_ENABLE_MODULES = YES;
				CLANG_ENABLE_OBJC_ARC = YES;
				CLANG_ENABLE_OBJC_WEAK = YES;
				CLANG_WARN_BLOCK_CAPTURE_AUTORELEASING = YES;
				CLANG_WARN_BOOL_CONVERSION = YES;
				CLANG_WARN_COMMA = YES;
				CLANG_WARN_CONSTANT_CONVERSION = YES;
				CLANG_WARN_DEPRECATED_OBJC_IMPLEMENTATIONS = YES;
				CLANG_WARN_DIRECT_OBJC_ISA_USAGE = YES_ERROR;
				CLANG_WARN_DOCUMENTATION_COMMENTS = YES;
				CLANG_WARN_EMPTY_BODY = YES;
				CLANG_WARN_ENUM_CONVERSION = YES;
				CLANG_WARN_INFINITE_RECURSION = YES;
				CLANG_WARN_INT_CONVERSION = YES;
				CLANG_WARN_NON_LITERAL_NULL_CONVERSION = YES;
				CLANG_WARN_OBJC_IMPLICIT_RETAIN_SELF = YES;
				CLANG_WARN_OBJC_LITERAL_CONVERSION = YES;
				CLANG_WARN_OBJC_ROOT_CLASS = YES_ERROR;
				CLANG_WARN_QUOTED_INCLUDE_IN_FRAMEWORK_HEADER = YES;
				CLANG_WARN_RANGE_LOOP_ANALYSIS = YES;
				CLANG_WARN_STRICT_PROTOTYPES = YES;
				CLANG_WARN_SUSPICIOUS_MOVE = YES;
				CLANG_WARN_UNGUARDED_AVAILABILITY = YES_AGGRESSIVE;
				CLANG_WARN_UNREACHABLE_CODE = YES;
				CLANG_WARN__DUPLICATE_METHOD_MATCH = YES;
				COPY_PHASE_STRIP = NO;
				DEBUG_INFORMATION_FORMAT = dwarf;
				ENABLE_STRICT_OBJC_MSGSEND = YES;
				ENABLE_TESTABILITY = YES;
				ENABLE_USER_SCRIPT_SANDBOXING = YES;
				GCC_C_LANGUAGE_STANDARD = gnu17;
				GCC_DYNAMIC_NO_PIC = NO;
				GCC_NO_COMMON_BLOCKS = YES;
				GCC_OPTIMIZATION_LEVEL = 0;
				GCC_PREPROCESSOR_DEFINITIONS = (
					"DEBUG=1",
					"$(inherited)",
				);
				GCC_WARN_64_TO_32_BIT_CONVERSION = YES;
				GCC_WARN_ABOUT_RETURN_TYPE = YES_ERROR;
				GCC_WARN_UNDECLARED_SELECTOR = YES;
				GCC_WARN_UNINITIALIZED_AUTOS = YES_AGGRESSIVE;
				GCC_WARN_UNUSED_FUNCTION = YES;
				GCC_WARN_UNUSED_VARIABLE = YES;
				IPHONEOS_DEPLOYMENT_TARGET = 17.0;
				LOCALIZATION_PREFERS_STRING_CATALOGS = YES;
				MTL_ENABLE_DEBUG_INFO = INCLUDE_SOURCE;
				MTL_FAST_MATH = YES;
				ONLY_ACTIVE_ARCH = YES;
				SDKROOT = iphoneos;
				SWIFT_ACTIVE_COMPILATION_CONDITIONS = "DEBUG $(inherited)";
				SWIFT_OPTIMIZATION_LEVEL = "-Onone";
			};
			name = Debug;
		};
		10CC795C2CCABCDD00AC521E /* Release */ = {
			isa = XCBuildConfiguration;
			buildSettings = {
				ALWAYS_SEARCH_USER_PATHS = NO;
				ASSETCATALOG_COMPILER_GENERATE_SWIFT_ASSET_SYMBOL_EXTENSIONS = YES;
				CLANG_ANALYZER_NONNULL = YES;
				CLANG_ANALYZER_NUMBER_OBJECT_CONVERSION = YES_AGGRESSIVE;
				CLANG_CXX_LANGUAGE_STANDARD = "gnu++20";
				CLANG_ENABLE_MODULES = YES;
				CLANG_ENABLE_OBJC_ARC = YES;
				CLANG_ENABLE_OBJC_WEAK = YES;
				CLANG_WARN_BLOCK_CAPTURE_AUTORELEASING = YES;
				CLANG_WARN_BOOL_CONVERSION = YES;
				CLANG_WARN_COMMA = YES;
				CLANG_WARN_CONSTANT_CONVERSION = YES;
				CLANG_WARN_DEPRECATED_OBJC_IMPLEMENTATIONS = YES;
				CLANG_WARN_DIRECT_OBJC_ISA_USAGE = YES_ERROR;
				CLANG_WARN_DOCUMENTATION_COMMENTS = YES;
				CLANG_WARN_EMPTY_BODY = YES;
				CLANG_WARN_ENUM_CONVERSION = YES;
				CLANG_WARN_INFINITE_RECURSION = YES;
				CLANG_WARN_INT_CONVERSION = YES;
				CLANG_WARN_NON_LITERAL_NULL_CONVERSION = YES;
				CLANG_WARN_OBJC_IMPLICIT_RETAIN_SELF = YES;
				CLANG_WARN_OBJC_LITERAL_CONVERSION = YES;
				CLANG_WARN_OBJC_ROOT_CLASS = YES_ERROR;
				CLANG_WARN_QUOTED_INCLUDE_IN_FRAMEWORK_HEADER = YES;
				CLANG_WARN_RANGE_LOOP_ANALYSIS = YES;
				CLANG_WARN_STRICT_PROTOTYPES = YES;
				CLANG_WARN_SUSPICIOUS_MOVE = YES;
				CLANG_WARN_UNGUARDED_AVAILABILITY = YES_AGGRESSIVE;
				CLANG_WARN_UNREACHABLE_CODE = YES;
				CLANG_WARN__DUPLICATE_METHOD_MATCH = YES;
				COPY_PHASE_STRIP = NO;
				DEBUG_INFORMATION_FORMAT = "dwarf-with-dsym";
				ENABLE_NS_ASSERTIONS = NO;
				ENABLE_STRICT_OBJC_MSGSEND = YES;
				ENABLE_USER_SCRIPT_SANDBOXING = YES;
				GCC_C_LANGUAGE_STANDARD = gnu17;
				GCC_NO_COMMON_BLOCKS = YES;
				GCC_WARN_64_TO_32_BIT_CONVERSION = YES;
				GCC_WARN_ABOUT_RETURN_TYPE = YES_ERROR;
				GCC_WARN_UNDECLARED_SELECTOR = YES;
				GCC_WARN_UNINITIALIZED_AUTOS = YES_AGGRESSIVE;
				GCC_WARN_UNUSED_FUNCTION = YES;
				GCC_WARN_UNUSED_VARIABLE = YES;
				IPHONEOS_DEPLOYMENT_TARGET = 17.0;
				LOCALIZATION_PREFERS_STRING_CATALOGS = YES;
				MTL_ENABLE_DEBUG_INFO = NO;
				MTL_FAST_MATH = YES;
				SDKROOT = iphoneos;
				SWIFT_COMPILATION_MODE = wholemodule;
				VALIDATE_PRODUCT = YES;
			};
			name = Release;
		};
		10CC795E2CCABCDD00AC521E /* Debug */ = {
			isa = XCBuildConfiguration;
			buildSettings = {
				ASSETCATALOG_COMPILER_APPICON_NAME = AppIcon;
				ASSETCATALOG_COMPILER_GLOBAL_ACCENT_COLOR_NAME = AccentColor;
				CODE_SIGN_STYLE = Automatic;
				CURRENT_PROJECT_VERSION = 1;
				GENERATE_INFOPLIST_FILE = YES;
				INFOPLIST_FILE = SaveMyDefaultsPersistance/Info.plist;
				INFOPLIST_KEY_UIApplicationSupportsIndirectInputEvents = YES;
				INFOPLIST_KEY_UILaunchStoryboardName = LaunchScreen;
				INFOPLIST_KEY_UIMainStoryboardFile = Main;
				INFOPLIST_KEY_UISupportedInterfaceOrientations_iPad = "UIInterfaceOrientationPortrait UIInterfaceOrientationPortraitUpsideDown UIInterfaceOrientationLandscapeLeft UIInterfaceOrientationLandscapeRight";
				INFOPLIST_KEY_UISupportedInterfaceOrientations_iPhone = "UIInterfaceOrientationPortrait UIInterfaceOrientationLandscapeLeft UIInterfaceOrientationLandscapeRight";
				LD_RUNPATH_SEARCH_PATHS = (
					"$(inherited)",
					"@executable_path/Frameworks",
				);
				MARKETING_VERSION = 1.0;
				PRODUCT_BUNDLE_IDENTIFIER = forFunAtHome.SaveMyDefaultsPersistance;
				PRODUCT_NAME = "$(TARGET_NAME)";
				SWIFT_EMIT_LOC_STRINGS = YES;
				SWIFT_VERSION = 5.0;
				TARGETED_DEVICE_FAMILY = "1,2";
			};
			name = Debug;
		};
		10CC795F2CCABCDD00AC521E /* Release */ = {
			isa = XCBuildConfiguration;
			buildSettings = {
				ASSETCATALOG_COMPILER_APPICON_NAME = AppIcon;
				ASSETCATALOG_COMPILER_GLOBAL_ACCENT_COLOR_NAME = AccentColor;
				CODE_SIGN_STYLE = Automatic;
				CURRENT_PROJECT_VERSION = 1;
				GENERATE_INFOPLIST_FILE = YES;
				INFOPLIST_FILE = SaveMyDefaultsPersistance/Info.plist;
				INFOPLIST_KEY_UIApplicationSupportsIndirectInputEvents = YES;
				INFOPLIST_KEY_UILaunchStoryboardName = LaunchScreen;
				INFOPLIST_KEY_UIMainStoryboardFile = Main;
				INFOPLIST_KEY_UISupportedInterfaceOrientations_iPad = "UIInterfaceOrientationPortrait UIInterfaceOrientationPortraitUpsideDown UIInterfaceOrientationLandscapeLeft UIInterfaceOrientationLandscapeRight";
				INFOPLIST_KEY_UISupportedInterfaceOrientations_iPhone = "UIInterfaceOrientationPortrait UIInterfaceOrientationLandscapeLeft UIInterfaceOrientationLandscapeRight";
				LD_RUNPATH_SEARCH_PATHS = (
					"$(inherited)",
					"@executable_path/Frameworks",
				);
				MARKETING_VERSION = 1.0;
				PRODUCT_BUNDLE_IDENTIFIER = forFunAtHome.SaveMyDefaultsPersistance;
				PRODUCT_NAME = "$(TARGET_NAME)";
				SWIFT_EMIT_LOC_STRINGS = YES;
				SWIFT_VERSION = 5.0;
				TARGETED_DEVICE_FAMILY = "1,2";
			};
			name = Release;
		};
		10CC79612CCABCDD00AC521E /* Debug */ = {
			isa = XCBuildConfiguration;
			buildSettings = {
				ALWAYS_EMBED_SWIFT_STANDARD_LIBRARIES = YES;
				BUNDLE_LOADER = "$(TEST_HOST)";
				CODE_SIGN_STYLE = Automatic;
				CURRENT_PROJECT_VERSION = 1;
				GENERATE_INFOPLIST_FILE = YES;
				IPHONEOS_DEPLOYMENT_TARGET = 17.0;
				MARKETING_VERSION = 1.0;
				PRODUCT_BUNDLE_IDENTIFIER = forFunAtHome.SaveMyDefaultsPersistanceTests;
				PRODUCT_NAME = "$(TARGET_NAME)";
				SWIFT_EMIT_LOC_STRINGS = NO;
				SWIFT_VERSION = 5.0;
				TARGETED_DEVICE_FAMILY = "1,2";
				TEST_HOST = "$(BUILT_PRODUCTS_DIR)/SaveMyDefaultsPersistance.app/$(BUNDLE_EXECUTABLE_FOLDER_PATH)/SaveMyDefaultsPersistance";
			};
			name = Debug;
		};
		10CC79622CCABCDD00AC521E /* Release */ = {
			isa = XCBuildConfiguration;
			buildSettings = {
				ALWAYS_EMBED_SWIFT_STANDARD_LIBRARIES = YES;
				BUNDLE_LOADER = "$(TEST_HOST)";
				CODE_SIGN_STYLE = Automatic;
				CURRENT_PROJECT_VERSION = 1;
				GENERATE_INFOPLIST_FILE = YES;
				IPHONEOS_DEPLOYMENT_TARGET = 17.0;
				MARKETING_VERSION = 1.0;
				PRODUCT_BUNDLE_IDENTIFIER = forFunAtHome.SaveMyDefaultsPersistanceTests;
				PRODUCT_NAME = "$(TARGET_NAME)";
				SWIFT_EMIT_LOC_STRINGS = NO;
				SWIFT_VERSION = 5.0;
				TARGETED_DEVICE_FAMILY = "1,2";
				TEST_HOST = "$(BUILT_PRODUCTS_DIR)/SaveMyDefaultsPersistance.app/$(BUNDLE_EXECUTABLE_FOLDER_PATH)/SaveMyDefaultsPersistance";
			};
			name = Release;
		};
		10CC79642CCABCDD00AC521E /* Debug */ = {
			isa = XCBuildConfiguration;
			buildSettings = {
				ALWAYS_EMBED_SWIFT_STANDARD_LIBRARIES = YES;
				CODE_SIGN_STYLE = Automatic;
				CURRENT_PROJECT_VERSION = 1;
				GENERATE_INFOPLIST_FILE = YES;
				MARKETING_VERSION = 1.0;
				PRODUCT_BUNDLE_IDENTIFIER = forFunAtHome.SaveMyDefaultsPersistanceUITests;
				PRODUCT_NAME = "$(TARGET_NAME)";
				SWIFT_EMIT_LOC_STRINGS = NO;
				SWIFT_VERSION = 5.0;
				TARGETED_DEVICE_FAMILY = "1,2";
				TEST_TARGET_NAME = SaveMyDefaultsPersistance;
			};
			name = Debug;
		};
		10CC79652CCABCDD00AC521E /* Release */ = {
			isa = XCBuildConfiguration;
			buildSettings = {
				ALWAYS_EMBED_SWIFT_STANDARD_LIBRARIES = YES;
				CODE_SIGN_STYLE = Automatic;
				CURRENT_PROJECT_VERSION = 1;
				GENERATE_INFOPLIST_FILE = YES;
				MARKETING_VERSION = 1.0;
				PRODUCT_BUNDLE_IDENTIFIER = forFunAtHome.SaveMyDefaultsPersistanceUITests;
				PRODUCT_NAME = "$(TARGET_NAME)";
				SWIFT_EMIT_LOC_STRINGS = NO;
				SWIFT_VERSION = 5.0;
				TARGETED_DEVICE_FAMILY = "1,2";
				TEST_TARGET_NAME = SaveMyDefaultsPersistance;
			};
			name = Release;
		};
/* End XCBuildConfiguration section */

/* Begin XCConfigurationList section */
		10CC792E2CCABCDB00AC521E /* Build configuration list for PBXProject "SaveMyDefaultsPersistance" */ = {
			isa = XCConfigurationList;
			buildConfigurations = (
				10CC795B2CCABCDD00AC521E /* Debug */,
				10CC795C2CCABCDD00AC521E /* Release */,
			);
			defaultConfigurationIsVisible = 0;
			defaultConfigurationName = Release;
		};
		10CC795D2CCABCDD00AC521E /* Build configuration list for PBXNativeTarget "SaveMyDefaultsPersistance" */ = {
			isa = XCConfigurationList;
			buildConfigurations = (
				10CC795E2CCABCDD00AC521E /* Debug */,
				10CC795F2CCABCDD00AC521E /* Release */,
			);
			defaultConfigurationIsVisible = 0;
			defaultConfigurationName = Release;
		};
		10CC79602CCABCDD00AC521E /* Build configuration list for PBXNativeTarget "SaveMyDefaultsPersistanceTests" */ = {
			isa = XCConfigurationList;
			buildConfigurations = (
				10CC79612CCABCDD00AC521E /* Debug */,
				10CC79622CCABCDD00AC521E /* Release */,
			);
			defaultConfigurationIsVisible = 0;
			defaultConfigurationName = Release;
		};
		10CC79632CCABCDD00AC521E /* Build configuration list for PBXNativeTarget "SaveMyDefaultsPersistanceUITests" */ = {
			isa = XCConfigurationList;
			buildConfigurations = (
				10CC79642CCABCDD00AC521E /* Debug */,
				10CC79652CCABCDD00AC521E /* Release */,
			);
			defaultConfigurationIsVisible = 0;
			defaultConfigurationName = Release;
		};
/* End XCConfigurationList section */
	};
	rootObject = 10CC792B2CCABCDB00AC521E /* Project object */;
}
